{
  "name": "react-native-calendars",
  "version": "1.16.1",
  "lockfileVersion": 1,
  "requires": true,
  "dependencies": {
    "xdate": {
      "version": "0.8.2",
      "resolved": "https://registry.npmjs.org/xdate/-/xdate-0.8.2.tgz",
      "integrity": "sha1-17AzwASF0CaVuvAET06s2j/JYaM="
    }
  }
}
